
Microsoft Visual Studio Solution File, Format Version 12.00
# Visual Studio Version 17
VisualStudioVersion = 17.0.31903.59
MinimumVisualStudioVersion = 10.0.40219.1
Project("{FAE04EC0-301F-11D3-BF4B-00C04F79EFBC}") = "API", "API\API.csproj", "{F33AF79E-26CB-42A8-8871-10236F12650F}"
EndProject
Project("{FAE04EC0-301F-11D3-BF4B-00C04F79EFBC}") = "Core", "Core\Core.csproj", "{42D150D3-2D63-4D53-AF47-040273B2F2AE}"
EndProject
Project("{FAE04EC0-301F-11D3-BF4B-00C04F79EFBC}") = "Infrastructure", "Infrastructure\Infrastructure.csproj", "{B6FF4263-6615-40D6-853D-F00F732AF235}"
EndProject
Global
	GlobalSection(SolutionConfigurationPlatforms) = preSolution
		Debug|Any CPU = Debug|Any CPU
		Release|Any CPU = Release|Any CPU
	EndGlobalSection
	GlobalSection(SolutionProperties) = preSolution
		HideSolutionNode = FALSE
	EndGlobalSection
	GlobalSection(ProjectConfigurationPlatforms) = postSolution
		{F33AF79E-26CB-42A8-8871-10236F12650F}.Debug|Any CPU.ActiveCfg = Debug|Any CPU
		{F33AF79E-26CB-42A8-8871-10236F12650F}.Debug|Any CPU.Build.0 = Debug|Any CPU
		{F33AF79E-26CB-42A8-8871-10236F12650F}.Release|Any CPU.ActiveCfg = Release|Any CPU
		{F33AF79E-26CB-42A8-8871-10236F12650F}.Release|Any CPU.Build.0 = Release|Any CPU
		{42D150D3-2D63-4D53-AF47-040273B2F2AE}.Debug|Any CPU.ActiveCfg = Debug|Any CPU
		{42D150D3-2D63-4D53-AF47-040273B2F2AE}.Debug|Any CPU.Build.0 = Debug|Any CPU
		{42D150D3-2D63-4D53-AF47-040273B2F2AE}.Release|Any CPU.ActiveCfg = Release|Any CPU
		{42D150D3-2D63-4D53-AF47-040273B2F2AE}.Release|Any CPU.Build.0 = Release|Any CPU
		{B6FF4263-6615-40D6-853D-F00F732AF235}.Debug|Any CPU.ActiveCfg = Debug|Any CPU
		{B6FF4263-6615-40D6-853D-F00F732AF235}.Debug|Any CPU.Build.0 = Debug|Any CPU
		{B6FF4263-6615-40D6-853D-F00F732AF235}.Release|Any CPU.ActiveCfg = Release|Any CPU
		{B6FF4263-6615-40D6-853D-F00F732AF235}.Release|Any CPU.Build.0 = Release|Any CPU
	EndGlobalSection
EndGlobal
